
Microsoft Visual Studio Solution File, Format Version 12.00
# Visual Studio Version 17
VisualStudioVersion = 17.8.34219.65
MinimumVisualStudioVersion = 10.0.40219.1
Project("{2150E333-8FDC-42A3-9474-1A3956D46DE8}") = "Src", "Src", "{D9B7E55A-48C2-48DE-AADB-547DC2FC7ACB}"
	ProjectSection(SolutionItems) = preProject
		deneme.txt = deneme.txt
		docker-compose.override.yml = docker-compose.override.yml
		docker-compose.yml = docker-compose.yml
	EndProjectSection
EndProject
Project("{2150E333-8FDC-42A3-9474-1A3956D46DE8}") = "Gateway", "Gateway", "{78D19CB3-1AB7-4206-AB77-88CDB7BD3D1B}"
EndProject
Project("{2150E333-8FDC-42A3-9474-1A3956D46DE8}") = "Services", "Services", "{46280347-FDF3-4169-91AB-B4064CB8342E}"
EndProject
Project("{2150E333-8FDC-42A3-9474-1A3956D46DE8}") = "SocialMicroservice.Services.Message", "SocialMicroservice.Services.Message", "{F8C93C52-8380-4935-A8B5-0C3E194BEC53}"
EndProject
Project("{2150E333-8FDC-42A3-9474-1A3956D46DE8}") = "SocialMicroservice.Services.Post", "SocialMicroservice.Services.Post", "{212F810C-BE96-452E-8966-4C51D07AE042}"
EndProject
Project("{2150E333-8FDC-42A3-9474-1A3956D46DE8}") = "SocialMicroservice.Services.Conservation", "SocialMicroservice.Services.Conservation", "{B6B51238-1E80-41D2-8407-7C9DF30CF7D3}"
EndProject
Project("{2150E333-8FDC-42A3-9474-1A3956D46DE8}") = "Core", "Core", "{A78898BE-597E-446F-8197-241259EC012E}"
EndProject
Project("{2150E333-8FDC-42A3-9474-1A3956D46DE8}") = "Posts", "Posts", "{5C815A58-1616-4649-81FB-7E910D14DF42}"
EndProject
Project("{2150E333-8FDC-42A3-9474-1A3956D46DE8}") = "Shared", "Shared", "{30F55033-B475-4F14-96A7-DD82682FFF84}"
EndProject
Project("{9A19103F-16F7-4668-BE54-9A1E7A4F7556}") = "Social.Shared", "Src\FileStorage\Social.FileStorage\Social.Shared.csproj", "{F4ACCA7F-51BC-4A82-9636-21EAA70ABCB5}"
EndProject
Project("{9A19103F-16F7-4668-BE54-9A1E7A4F7556}") = "Core.Persistance", "Src\Services\SocialMicroservice.Services.Post\Core\Core.Persistance\Core.Persistance.csproj", "{3318A87A-983D-499D-B14E-E81F7AAE4221}"
EndProject
Project("{9A19103F-16F7-4668-BE54-9A1E7A4F7556}") = "Core.Application", "Src\Services\SocialMicroservice.Services.Post\Core\Core.Application\Core.Application.csproj", "{BD724798-1C9F-4443-A483-A5CF546230A8}"
EndProject
Project("{9A19103F-16F7-4668-BE54-9A1E7A4F7556}") = "Core.CrossCuttingConcers", "Src\Services\SocialMicroservice.Services.Post\Core\Core.CrossCuttingConcers\Core.CrossCuttingConcers.csproj", "{65596367-A2E8-44BB-99CA-CC15BB3E6C69}"
EndProject
Project("{2150E333-8FDC-42A3-9474-1A3956D46DE8}") = "SocialMicroservice.Services.User", "SocialMicroservice.Services.User", "{B34E4E80-9444-40B4-A2E0-2B208C601917}"
EndProject
Project("{9A19103F-16F7-4668-BE54-9A1E7A4F7556}") = "DataAccess", "Src\Services\SocialMicroservice.Services.User\DataAccess\DataAccess.csproj", "{34317E74-0894-49A8-820D-D4E784F5331D}"
EndProject
Project("{9A19103F-16F7-4668-BE54-9A1E7A4F7556}") = "Core", "Src\Services\SocialMicroservice.Services.User\Core\Core.csproj", "{8E57FA5B-D024-4255-BEFD-930A821C5E0B}"
EndProject
Project("{9A19103F-16F7-4668-BE54-9A1E7A4F7556}") = "Bussiness", "Src\Services\SocialMicroservice.Services.User\Bussiness\Bussiness.csproj", "{FB638153-F4C2-4CE5-AFB7-1D72AECF31F2}"
EndProject
Project("{2150E333-8FDC-42A3-9474-1A3956D46DE8}") = "SocialMicroservice.Services.Comment", "SocialMicroservice.Services.Comment", "{F3945ECA-2A1D-4AA8-83C8-ADD940BD24B2}"
EndProject
Project("{9A19103F-16F7-4668-BE54-9A1E7A4F7556}") = "Comment.WepAPI", "Src\Services\SocialMicroservice.Services.Comment\Comment.WepAPI\Comment.WepAPI.csproj", "{FE0E2FE6-B3FD-4110-B8CF-C3E090F76D22}"
EndProject
Project("{9A19103F-16F7-4668-BE54-9A1E7A4F7556}") = "Conservation.WepAPI", "Src\Services\SocialMicroservice.Services.Conservation\Conservation.WepAPI\Conservation.WepAPI.csproj", "{BA982E6E-14C4-4F08-8142-87274E643348}"
EndProject
Project("{2150E333-8FDC-42A3-9474-1A3956D46DE8}") = "Core", "Core", "{146E290D-6375-47E8-A5F1-9360D377C55D}"
EndProject
Project("{2150E333-8FDC-42A3-9474-1A3956D46DE8}") = "Message", "Message", "{0271CE3E-FFB4-4EBB-90D6-74AF10D3D608}"
EndProject
Project("{9A19103F-16F7-4668-BE54-9A1E7A4F7556}") = "Message.Application", "Src\Services\SocialMicroservice.Services.Message\Message\Message.Application\Message.Application.csproj", "{42D53268-4140-45AD-BD61-A40A4C6625FE}"
EndProject
Project("{9A19103F-16F7-4668-BE54-9A1E7A4F7556}") = "Message.Domain", "Src\Services\SocialMicroservice.Services.Message\Message\Message.Domain\Message.Domain.csproj", "{CD4B59F2-9169-4803-AB57-6B1E66273856}"
EndProject
Project("{9A19103F-16F7-4668-BE54-9A1E7A4F7556}") = "Message.Persistance", "Src\Services\SocialMicroservice.Services.Message\Message\Message.Persistance\Message.Persistance.csproj", "{5688887F-228B-46CE-98C5-3C6EC8CAF25E}"
EndProject
Project("{9A19103F-16F7-4668-BE54-9A1E7A4F7556}") = "Message.WebAPI", "Src\Services\SocialMicroservice.Services.Message\Message\Message.WebAPI\Message.WebAPI.csproj", "{3E45AD76-B0DE-450D-BB0D-E3017E2DB08E}"
EndProject
Project("{9A19103F-16F7-4668-BE54-9A1E7A4F7556}") = "Post.Application", "Src\Services\SocialMicroservice.Services.Post\Posts\Post.Application\Post.Application.csproj", "{18750FCE-E12C-4B2F-B0A0-44CCC7199BA7}"
EndProject
Project("{9A19103F-16F7-4668-BE54-9A1E7A4F7556}") = "Post.Domain", "Src\Services\SocialMicroservice.Services.Post\Posts\Post.Domain\Post.Domain.csproj", "{5C52431C-E136-48A5-AF2A-40FCFA3C07FB}"
EndProject
Project("{9A19103F-16F7-4668-BE54-9A1E7A4F7556}") = "Post.Persistance", "Src\Services\SocialMicroservice.Services.Post\Posts\Post.Persistance\Post.Persistance.csproj", "{E8DE2FAB-F65E-4DA1-B850-7F3A828C529B}"
EndProject
Project("{9A19103F-16F7-4668-BE54-9A1E7A4F7556}") = "Post.WebAPI", "Src\Services\SocialMicroservice.Services.Post\Posts\Post.WebAPI\Post.WebAPI.csproj", "{1F893213-891E-443D-BEA0-A990E40E2AC3}"
EndProject
Project("{9A19103F-16F7-4668-BE54-9A1E7A4F7556}") = "Core.Application", "Src\Services\SocialMicroservice.Services.Message\Core\Core.Application\Core.Application.csproj", "{6FBA10C2-FFD4-4A8F-9D45-D0C6BDDC3DDC}"
EndProject
Project("{9A19103F-16F7-4668-BE54-9A1E7A4F7556}") = "Core.Persistance", "Src\Services\SocialMicroservice.Services.Message\Core\Core.Persistance\Core.Persistance.csproj", "{6DB78FAA-0CD0-48A9-BED4-8FC0BEA84B05}"
EndProject
Project("{9A19103F-16F7-4668-BE54-9A1E7A4F7556}") = "Core.CrossCuttingConcerns", "Src\Services\SocialMicroservice.Services.Message\Core\Core.CrossCuttingConcerns\Core.CrossCuttingConcerns.csproj", "{B3B2375C-F430-44DA-8656-F73F91063A48}"
EndProject
Project("{9A19103F-16F7-4668-BE54-9A1E7A4F7556}") = "User.WebAPI", "Src\Services\SocialMicroservice.Services.User\WebAPI\User.WebAPI.csproj", "{49E36A5B-BDBE-4C96-96E3-DC27A706F337}"
EndProject
Project("{2150E333-8FDC-42A3-9474-1A3956D46DE8}") = "SocialMicroservic.Services.Follow", "SocialMicroservic.Services.Follow", "{BD13E7CF-B6D7-44C7-8BF0-E288DBE178F7}"
EndProject
Project("{2150E333-8FDC-42A3-9474-1A3956D46DE8}") = "AuthServer", "AuthServer", "{ECA494BE-F761-43A4-ADA4-E3504BA75220}"
EndProject
Project("{9A19103F-16F7-4668-BE54-9A1E7A4F7556}") = "Social.AuthApi", "Src\AuthServer\Social.AuthApi\Social.AuthApi.csproj", "{39166E03-BC37-4A62-A047-9B8A97AE6BE5}"
EndProject
Project("{9A19103F-16F7-4668-BE54-9A1E7A4F7556}") = "Social.GateWayAPI", "Src\Gateway\Social.GateWayAPI\Social.GateWayAPI.csproj", "{AE164B16-D6B5-4DDA-BACD-C58157EA6B26}"
EndProject
Project("{9A19103F-16F7-4668-BE54-9A1E7A4F7556}") = "Follow.Bussines", "Src\Services\SocialMicroservice.Services.Follow\Follow.Bussines\Follow.Bussines.csproj", "{F13B0B0C-A41B-4214-B839-6587B6C1CBA2}"
EndProject
Project("{9A19103F-16F7-4668-BE54-9A1E7A4F7556}") = "Follow.DataAcess", "Src\Services\SocialMicroservice.Services.Follow\Follow.DataAcess\Follow.DataAcess.csproj", "{643194EE-5B97-4D98-80EE-0A1279DDD0A8}"
EndProject
Project("{9A19103F-16F7-4668-BE54-9A1E7A4F7556}") = "Follow.Core", "Src\Services\SocialMicroservice.Services.Follow\Follow.Core\Follow.Core.csproj", "{A5733122-7C64-44EF-B56C-FE886A5C49D9}"
EndProject
Project("{9A19103F-16F7-4668-BE54-9A1E7A4F7556}") = "Follow.Entities", "Src\Services\SocialMicroservice.Services.Follow\Follow.Entities\Follow.Entities.csproj", "{B5A7E235-7A71-4A86-90BE-92AD0CD7BC42}"
EndProject
Project("{9A19103F-16F7-4668-BE54-9A1E7A4F7556}") = "Follow.WebAPI", "Src\Services\SocialMicroservice.Services.Follow\Follow.WebAPI\Follow.WebAPI.csproj", "{A692DFC1-7F14-4C7B-9D6F-065914AD58C2}"
EndProject
Global
	GlobalSection(SolutionConfigurationPlatforms) = preSolution
		Debug|Any CPU = Debug|Any CPU
		Release|Any CPU = Release|Any CPU
	EndGlobalSection
	GlobalSection(ProjectConfigurationPlatforms) = postSolution
		{F4ACCA7F-51BC-4A82-9636-21EAA70ABCB5}.Debug|Any CPU.ActiveCfg = Debug|Any CPU
		{F4ACCA7F-51BC-4A82-9636-21EAA70ABCB5}.Debug|Any CPU.Build.0 = Debug|Any CPU
		{F4ACCA7F-51BC-4A82-9636-21EAA70ABCB5}.Release|Any CPU.ActiveCfg = Release|Any CPU
		{F4ACCA7F-51BC-4A82-9636-21EAA70ABCB5}.Release|Any CPU.Build.0 = Release|Any CPU
		{3318A87A-983D-499D-B14E-E81F7AAE4221}.Debug|Any CPU.ActiveCfg = Debug|Any CPU
		{3318A87A-983D-499D-B14E-E81F7AAE4221}.Debug|Any CPU.Build.0 = Debug|Any CPU
		{3318A87A-983D-499D-B14E-E81F7AAE4221}.Release|Any CPU.ActiveCfg = Release|Any CPU
		{3318A87A-983D-499D-B14E-E81F7AAE4221}.Release|Any CPU.Build.0 = Release|Any CPU
		{BD724798-1C9F-4443-A483-A5CF546230A8}.Debug|Any CPU.ActiveCfg = Debug|Any CPU
		{BD724798-1C9F-4443-A483-A5CF546230A8}.Debug|Any CPU.Build.0 = Debug|Any CPU
		{BD724798-1C9F-4443-A483-A5CF546230A8}.Release|Any CPU.ActiveCfg = Release|Any CPU
		{BD724798-1C9F-4443-A483-A5CF546230A8}.Release|Any CPU.Build.0 = Release|Any CPU
		{65596367-A2E8-44BB-99CA-CC15BB3E6C69}.Debug|Any CPU.ActiveCfg = Debug|Any CPU
		{65596367-A2E8-44BB-99CA-CC15BB3E6C69}.Debug|Any CPU.Build.0 = Debug|Any CPU
		{65596367-A2E8-44BB-99CA-CC15BB3E6C69}.Release|Any CPU.ActiveCfg = Release|Any CPU
		{65596367-A2E8-44BB-99CA-CC15BB3E6C69}.Release|Any CPU.Build.0 = Release|Any CPU
		{34317E74-0894-49A8-820D-D4E784F5331D}.Debug|Any CPU.ActiveCfg = Debug|Any CPU
		{34317E74-0894-49A8-820D-D4E784F5331D}.Debug|Any CPU.Build.0 = Debug|Any CPU
		{34317E74-0894-49A8-820D-D4E784F5331D}.Release|Any CPU.ActiveCfg = Release|Any CPU
		{34317E74-0894-49A8-820D-D4E784F5331D}.Release|Any CPU.Build.0 = Release|Any CPU
		{8E57FA5B-D024-4255-BEFD-930A821C5E0B}.Debug|Any CPU.ActiveCfg = Debug|Any CPU
		{8E57FA5B-D024-4255-BEFD-930A821C5E0B}.Debug|Any CPU.Build.0 = Debug|Any CPU
		{8E57FA5B-D024-4255-BEFD-930A821C5E0B}.Release|Any CPU.ActiveCfg = Release|Any CPU
		{8E57FA5B-D024-4255-BEFD-930A821C5E0B}.Release|Any CPU.Build.0 = Release|Any CPU
		{FB638153-F4C2-4CE5-AFB7-1D72AECF31F2}.Debug|Any CPU.ActiveCfg = Debug|Any CPU
		{FB638153-F4C2-4CE5-AFB7-1D72AECF31F2}.Debug|Any CPU.Build.0 = Debug|Any CPU
		{FB638153-F4C2-4CE5-AFB7-1D72AECF31F2}.Release|Any CPU.ActiveCfg = Release|Any CPU
		{FB638153-F4C2-4CE5-AFB7-1D72AECF31F2}.Release|Any CPU.Build.0 = Release|Any CPU
		{FE0E2FE6-B3FD-4110-B8CF-C3E090F76D22}.Debug|Any CPU.ActiveCfg = Debug|Any CPU
		{FE0E2FE6-B3FD-4110-B8CF-C3E090F76D22}.Debug|Any CPU.Build.0 = Debug|Any CPU
		{FE0E2FE6-B3FD-4110-B8CF-C3E090F76D22}.Release|Any CPU.ActiveCfg = Release|Any CPU
		{FE0E2FE6-B3FD-4110-B8CF-C3E090F76D22}.Release|Any CPU.Build.0 = Release|Any CPU
		{BA982E6E-14C4-4F08-8142-87274E643348}.Debug|Any CPU.ActiveCfg = Debug|Any CPU
		{BA982E6E-14C4-4F08-8142-87274E643348}.Debug|Any CPU.Build.0 = Debug|Any CPU
		{BA982E6E-14C4-4F08-8142-87274E643348}.Release|Any CPU.ActiveCfg = Release|Any CPU
		{BA982E6E-14C4-4F08-8142-87274E643348}.Release|Any CPU.Build.0 = Release|Any CPU
		{42D53268-4140-45AD-BD61-A40A4C6625FE}.Debug|Any CPU.ActiveCfg = Debug|Any CPU
		{42D53268-4140-45AD-BD61-A40A4C6625FE}.Debug|Any CPU.Build.0 = Debug|Any CPU
		{42D53268-4140-45AD-BD61-A40A4C6625FE}.Release|Any CPU.ActiveCfg = Release|Any CPU
		{42D53268-4140-45AD-BD61-A40A4C6625FE}.Release|Any CPU.Build.0 = Release|Any CPU
		{CD4B59F2-9169-4803-AB57-6B1E66273856}.Debug|Any CPU.ActiveCfg = Debug|Any CPU
		{CD4B59F2-9169-4803-AB57-6B1E66273856}.Debug|Any CPU.Build.0 = Debug|Any CPU
		{CD4B59F2-9169-4803-AB57-6B1E66273856}.Release|Any CPU.ActiveCfg = Release|Any CPU
		{CD4B59F2-9169-4803-AB57-6B1E66273856}.Release|Any CPU.Build.0 = Release|Any CPU
		{5688887F-228B-46CE-98C5-3C6EC8CAF25E}.Debug|Any CPU.ActiveCfg = Debug|Any CPU
		{5688887F-228B-46CE-98C5-3C6EC8CAF25E}.Debug|Any CPU.Build.0 = Debug|Any CPU
		{5688887F-228B-46CE-98C5-3C6EC8CAF25E}.Release|Any CPU.ActiveCfg = Release|Any CPU
		{5688887F-228B-46CE-98C5-3C6EC8CAF25E}.Release|Any CPU.Build.0 = Release|Any CPU
		{3E45AD76-B0DE-450D-BB0D-E3017E2DB08E}.Debug|Any CPU.ActiveCfg = Debug|Any CPU
		{3E45AD76-B0DE-450D-BB0D-E3017E2DB08E}.Debug|Any CPU.Build.0 = Debug|Any CPU
		{3E45AD76-B0DE-450D-BB0D-E3017E2DB08E}.Release|Any CPU.ActiveCfg = Release|Any CPU
		{3E45AD76-B0DE-450D-BB0D-E3017E2DB08E}.Release|Any CPU.Build.0 = Release|Any CPU
		{18750FCE-E12C-4B2F-B0A0-44CCC7199BA7}.Debug|Any CPU.ActiveCfg = Debug|Any CPU
		{18750FCE-E12C-4B2F-B0A0-44CCC7199BA7}.Debug|Any CPU.Build.0 = Debug|Any CPU
		{18750FCE-E12C-4B2F-B0A0-44CCC7199BA7}.Release|Any CPU.ActiveCfg = Release|Any CPU
		{18750FCE-E12C-4B2F-B0A0-44CCC7199BA7}.Release|Any CPU.Build.0 = Release|Any CPU
		{5C52431C-E136-48A5-AF2A-40FCFA3C07FB}.Debug|Any CPU.ActiveCfg = Debug|Any CPU
		{5C52431C-E136-48A5-AF2A-40FCFA3C07FB}.Debug|Any CPU.Build.0 = Debug|Any CPU
		{5C52431C-E136-48A5-AF2A-40FCFA3C07FB}.Release|Any CPU.ActiveCfg = Release|Any CPU
		{5C52431C-E136-48A5-AF2A-40FCFA3C07FB}.Release|Any CPU.Build.0 = Release|Any CPU
		{E8DE2FAB-F65E-4DA1-B850-7F3A828C529B}.Debug|Any CPU.ActiveCfg = Debug|Any CPU
		{E8DE2FAB-F65E-4DA1-B850-7F3A828C529B}.Debug|Any CPU.Build.0 = Debug|Any CPU
		{E8DE2FAB-F65E-4DA1-B850-7F3A828C529B}.Release|Any CPU.ActiveCfg = Release|Any CPU
		{E8DE2FAB-F65E-4DA1-B850-7F3A828C529B}.Release|Any CPU.Build.0 = Release|Any CPU
		{1F893213-891E-443D-BEA0-A990E40E2AC3}.Debug|Any CPU.ActiveCfg = Debug|Any CPU
		{1F893213-891E-443D-BEA0-A990E40E2AC3}.Debug|Any CPU.Build.0 = Debug|Any CPU
		{1F893213-891E-443D-BEA0-A990E40E2AC3}.Release|Any CPU.ActiveCfg = Release|Any CPU
		{1F893213-891E-443D-BEA0-A990E40E2AC3}.Release|Any CPU.Build.0 = Release|Any CPU
		{6FBA10C2-FFD4-4A8F-9D45-D0C6BDDC3DDC}.Debug|Any CPU.ActiveCfg = Debug|Any CPU
		{6FBA10C2-FFD4-4A8F-9D45-D0C6BDDC3DDC}.Debug|Any CPU.Build.0 = Debug|Any CPU
		{6FBA10C2-FFD4-4A8F-9D45-D0C6BDDC3DDC}.Release|Any CPU.ActiveCfg = Release|Any CPU
		{6FBA10C2-FFD4-4A8F-9D45-D0C6BDDC3DDC}.Release|Any CPU.Build.0 = Release|Any CPU
		{6DB78FAA-0CD0-48A9-BED4-8FC0BEA84B05}.Debug|Any CPU.ActiveCfg = Debug|Any CPU
		{6DB78FAA-0CD0-48A9-BED4-8FC0BEA84B05}.Debug|Any CPU.Build.0 = Debug|Any CPU
		{6DB78FAA-0CD0-48A9-BED4-8FC0BEA84B05}.Release|Any CPU.ActiveCfg = Release|Any CPU
		{6DB78FAA-0CD0-48A9-BED4-8FC0BEA84B05}.Release|Any CPU.Build.0 = Release|Any CPU
		{B3B2375C-F430-44DA-8656-F73F91063A48}.Debug|Any CPU.ActiveCfg = Debug|Any CPU
		{B3B2375C-F430-44DA-8656-F73F91063A48}.Debug|Any CPU.Build.0 = Debug|Any CPU
		{B3B2375C-F430-44DA-8656-F73F91063A48}.Release|Any CPU.ActiveCfg = Release|Any CPU
		{B3B2375C-F430-44DA-8656-F73F91063A48}.Release|Any CPU.Build.0 = Release|Any CPU
		{49E36A5B-BDBE-4C96-96E3-DC27A706F337}.Debug|Any CPU.ActiveCfg = Debug|Any CPU
		{49E36A5B-BDBE-4C96-96E3-DC27A706F337}.Debug|Any CPU.Build.0 = Debug|Any CPU
		{49E36A5B-BDBE-4C96-96E3-DC27A706F337}.Release|Any CPU.ActiveCfg = Release|Any CPU
		{49E36A5B-BDBE-4C96-96E3-DC27A706F337}.Release|Any CPU.Build.0 = Release|Any CPU
		{39166E03-BC37-4A62-A047-9B8A97AE6BE5}.Debug|Any CPU.ActiveCfg = Debug|Any CPU
		{39166E03-BC37-4A62-A047-9B8A97AE6BE5}.Debug|Any CPU.Build.0 = Debug|Any CPU
		{39166E03-BC37-4A62-A047-9B8A97AE6BE5}.Release|Any CPU.ActiveCfg = Release|Any CPU
		{39166E03-BC37-4A62-A047-9B8A97AE6BE5}.Release|Any CPU.Build.0 = Release|Any CPU
		{AE164B16-D6B5-4DDA-BACD-C58157EA6B26}.Debug|Any CPU.ActiveCfg = Debug|Any CPU
		{AE164B16-D6B5-4DDA-BACD-C58157EA6B26}.Debug|Any CPU.Build.0 = Debug|Any CPU
		{AE164B16-D6B5-4DDA-BACD-C58157EA6B26}.Release|Any CPU.ActiveCfg = Release|Any CPU
		{AE164B16-D6B5-4DDA-BACD-C58157EA6B26}.Release|Any CPU.Build.0 = Release|Any CPU
		{F13B0B0C-A41B-4214-B839-6587B6C1CBA2}.Debug|Any CPU.ActiveCfg = Debug|Any CPU
		{F13B0B0C-A41B-4214-B839-6587B6C1CBA2}.Debug|Any CPU.Build.0 = Debug|Any CPU
		{F13B0B0C-A41B-4214-B839-6587B6C1CBA2}.Release|Any CPU.ActiveCfg = Release|Any CPU
		{F13B0B0C-A41B-4214-B839-6587B6C1CBA2}.Release|Any CPU.Build.0 = Release|Any CPU
		{643194EE-5B97-4D98-80EE-0A1279DDD0A8}.Debug|Any CPU.ActiveCfg = Debug|Any CPU
		{643194EE-5B97-4D98-80EE-0A1279DDD0A8}.Debug|Any CPU.Build.0 = Debug|Any CPU
		{643194EE-5B97-4D98-80EE-0A1279DDD0A8}.Release|Any CPU.ActiveCfg = Release|Any CPU
		{643194EE-5B97-4D98-80EE-0A1279DDD0A8}.Release|Any CPU.Build.0 = Release|Any CPU
		{A5733122-7C64-44EF-B56C-FE886A5C49D9}.Debug|Any CPU.ActiveCfg = Debug|Any CPU
		{A5733122-7C64-44EF-B56C-FE886A5C49D9}.Debug|Any CPU.Build.0 = Debug|Any CPU
		{A5733122-7C64-44EF-B56C-FE886A5C49D9}.Release|Any CPU.ActiveCfg = Release|Any CPU
		{A5733122-7C64-44EF-B56C-FE886A5C49D9}.Release|Any CPU.Build.0 = Release|Any CPU
		{B5A7E235-7A71-4A86-90BE-92AD0CD7BC42}.Debug|Any CPU.ActiveCfg = Debug|Any CPU
		{B5A7E235-7A71-4A86-90BE-92AD0CD7BC42}.Debug|Any CPU.Build.0 = Debug|Any CPU
		{B5A7E235-7A71-4A86-90BE-92AD0CD7BC42}.Release|Any CPU.ActiveCfg = Release|Any CPU
		{B5A7E235-7A71-4A86-90BE-92AD0CD7BC42}.Release|Any CPU.Build.0 = Release|Any CPU
		{A692DFC1-7F14-4C7B-9D6F-065914AD58C2}.Debug|Any CPU.ActiveCfg = Debug|Any CPU
		{A692DFC1-7F14-4C7B-9D6F-065914AD58C2}.Debug|Any CPU.Build.0 = Debug|Any CPU
		{A692DFC1-7F14-4C7B-9D6F-065914AD58C2}.Release|Any CPU.ActiveCfg = Release|Any CPU
		{A692DFC1-7F14-4C7B-9D6F-065914AD58C2}.Release|Any CPU.Build.0 = Release|Any CPU
	EndGlobalSection
	GlobalSection(SolutionProperties) = preSolution
		HideSolutionNode = FALSE
	EndGlobalSection
	GlobalSection(NestedProjects) = preSolution
		{78D19CB3-1AB7-4206-AB77-88CDB7BD3D1B} = {D9B7E55A-48C2-48DE-AADB-547DC2FC7ACB}
		{46280347-FDF3-4169-91AB-B4064CB8342E} = {D9B7E55A-48C2-48DE-AADB-547DC2FC7ACB}
		{F8C93C52-8380-4935-A8B5-0C3E194BEC53} = {46280347-FDF3-4169-91AB-B4064CB8342E}
		{212F810C-BE96-452E-8966-4C51D07AE042} = {46280347-FDF3-4169-91AB-B4064CB8342E}
		{B6B51238-1E80-41D2-8407-7C9DF30CF7D3} = {46280347-FDF3-4169-91AB-B4064CB8342E}
		{A78898BE-597E-446F-8197-241259EC012E} = {212F810C-BE96-452E-8966-4C51D07AE042}
		{5C815A58-1616-4649-81FB-7E910D14DF42} = {212F810C-BE96-452E-8966-4C51D07AE042}
		{30F55033-B475-4F14-96A7-DD82682FFF84} = {D9B7E55A-48C2-48DE-AADB-547DC2FC7ACB}
		{F4ACCA7F-51BC-4A82-9636-21EAA70ABCB5} = {30F55033-B475-4F14-96A7-DD82682FFF84}
		{3318A87A-983D-499D-B14E-E81F7AAE4221} = {A78898BE-597E-446F-8197-241259EC012E}
		{BD724798-1C9F-4443-A483-A5CF546230A8} = {A78898BE-597E-446F-8197-241259EC012E}
		{65596367-A2E8-44BB-99CA-CC15BB3E6C69} = {A78898BE-597E-446F-8197-241259EC012E}
		{B34E4E80-9444-40B4-A2E0-2B208C601917} = {46280347-FDF3-4169-91AB-B4064CB8342E}
		{34317E74-0894-49A8-820D-D4E784F5331D} = {B34E4E80-9444-40B4-A2E0-2B208C601917}
		{8E57FA5B-D024-4255-BEFD-930A821C5E0B} = {B34E4E80-9444-40B4-A2E0-2B208C601917}
		{FB638153-F4C2-4CE5-AFB7-1D72AECF31F2} = {B34E4E80-9444-40B4-A2E0-2B208C601917}
		{F3945ECA-2A1D-4AA8-83C8-ADD940BD24B2} = {46280347-FDF3-4169-91AB-B4064CB8342E}
		{FE0E2FE6-B3FD-4110-B8CF-C3E090F76D22} = {F3945ECA-2A1D-4AA8-83C8-ADD940BD24B2}
		{BA982E6E-14C4-4F08-8142-87274E643348} = {B6B51238-1E80-41D2-8407-7C9DF30CF7D3}
		{146E290D-6375-47E8-A5F1-9360D377C55D} = {F8C93C52-8380-4935-A8B5-0C3E194BEC53}
		{0271CE3E-FFB4-4EBB-90D6-74AF10D3D608} = {F8C93C52-8380-4935-A8B5-0C3E194BEC53}
		{42D53268-4140-45AD-BD61-A40A4C6625FE} = {0271CE3E-FFB4-4EBB-90D6-74AF10D3D608}
		{CD4B59F2-9169-4803-AB57-6B1E66273856} = {0271CE3E-FFB4-4EBB-90D6-74AF10D3D608}
		{5688887F-228B-46CE-98C5-3C6EC8CAF25E} = {0271CE3E-FFB4-4EBB-90D6-74AF10D3D608}
		{3E45AD76-B0DE-450D-BB0D-E3017E2DB08E} = {0271CE3E-FFB4-4EBB-90D6-74AF10D3D608}
		{18750FCE-E12C-4B2F-B0A0-44CCC7199BA7} = {5C815A58-1616-4649-81FB-7E910D14DF42}
		{5C52431C-E136-48A5-AF2A-40FCFA3C07FB} = {5C815A58-1616-4649-81FB-7E910D14DF42}
		{E8DE2FAB-F65E-4DA1-B850-7F3A828C529B} = {5C815A58-1616-4649-81FB-7E910D14DF42}
		{1F893213-891E-443D-BEA0-A990E40E2AC3} = {5C815A58-1616-4649-81FB-7E910D14DF42}
		{6FBA10C2-FFD4-4A8F-9D45-D0C6BDDC3DDC} = {146E290D-6375-47E8-A5F1-9360D377C55D}
		{6DB78FAA-0CD0-48A9-BED4-8FC0BEA84B05} = {146E290D-6375-47E8-A5F1-9360D377C55D}
		{B3B2375C-F430-44DA-8656-F73F91063A48} = {146E290D-6375-47E8-A5F1-9360D377C55D}
		{49E36A5B-BDBE-4C96-96E3-DC27A706F337} = {B34E4E80-9444-40B4-A2E0-2B208C601917}
		{BD13E7CF-B6D7-44C7-8BF0-E288DBE178F7} = {46280347-FDF3-4169-91AB-B4064CB8342E}
		{ECA494BE-F761-43A4-ADA4-E3504BA75220} = {D9B7E55A-48C2-48DE-AADB-547DC2FC7ACB}
		{39166E03-BC37-4A62-A047-9B8A97AE6BE5} = {ECA494BE-F761-43A4-ADA4-E3504BA75220}
		{AE164B16-D6B5-4DDA-BACD-C58157EA6B26} = {78D19CB3-1AB7-4206-AB77-88CDB7BD3D1B}
		{F13B0B0C-A41B-4214-B839-6587B6C1CBA2} = {BD13E7CF-B6D7-44C7-8BF0-E288DBE178F7}
		{643194EE-5B97-4D98-80EE-0A1279DDD0A8} = {BD13E7CF-B6D7-44C7-8BF0-E288DBE178F7}
		{A5733122-7C64-44EF-B56C-FE886A5C49D9} = {BD13E7CF-B6D7-44C7-8BF0-E288DBE178F7}
		{B5A7E235-7A71-4A86-90BE-92AD0CD7BC42} = {BD13E7CF-B6D7-44C7-8BF0-E288DBE178F7}
		{A692DFC1-7F14-4C7B-9D6F-065914AD58C2} = {BD13E7CF-B6D7-44C7-8BF0-E288DBE178F7}
	EndGlobalSection
	GlobalSection(ExtensibilityGlobals) = postSolution
		SolutionGuid = {152C7D78-F548-4EFA-BAD0-5E7A55A14CC1}
	EndGlobalSection
EndGlobal
